
Microsoft Visual Studio Solution File, Format Version 12.00
# Visual Studio Version 17
VisualStudioVersion = 17.3.32929.385
MinimumVisualStudioVersion = 10.0.40219.1
Project("{FAE04EC0-301F-11D3-BF4B-00C04F79EFBC}") = "Gene", "Gene\Gene.csproj", "{D3681DAE-59C4-4FA3-B018-5C423085077D}"
EndProject
Global
	GlobalSection(SolutionConfigurationPlatforms) = preSolution
		Debug|Any CPU = Debug|Any CPU
		Release|Any CPU = Release|Any CPU
	EndGlobalSection
	GlobalSection(ProjectConfigurationPlatforms) = postSolution
		{D3681DAE-59C4-4FA3-B018-5C423085077D}.Debug|Any CPU.ActiveCfg = Debug|Any CPU
		{D3681DAE-59C4-4FA3-B018-5C423085077D}.Debug|Any CPU.Build.0 = Debug|Any CPU
		{D3681DAE-59C4-4FA3-B018-5C423085077D}.Release|Any CPU.ActiveCfg = Release|Any CPU
		{D3681DAE-59C4-4FA3-B018-5C423085077D}.Release|Any CPU.Build.0 = Release|Any CPU
	EndGlobalSection
	GlobalSection(SolutionProperties) = preSolution
		HideSolutionNode = FALSE
	EndGlobalSection
	GlobalSection(ExtensibilityGlobals) = postSolution
		SolutionGuid = {8F3EB0C4-4677-496A-BCCA-A32DDDDFB63A}
	EndGlobalSection
EndGlobal
